
Microsoft Visual Studio Solution File, Format Version 12.00
# Visual Studio Version 17
VisualStudioVersion = 17.4.33110.190
MinimumVisualStudioVersion = 10.0.40219.1
Project("{888888A0-9F3D-457C-B088-3A5042F75D52}") = "parallel_programming_python", "parallel_programming_python\parallel_programming_python.pyproj", "{81B10C76-2BC1-4B56-A86A-742D34F49EF5}"
EndProject
Project("{8BC9CEB8-8B4A-11D0-8D11-00A0C91BC942}") = "parallel_programming", "parallel_programming_cpp\parallel_programming_cpp.vcxproj", "{57BF2C01-D8A9-4DAE-8AD0-EFB90DADE971}"
EndProject
Global
	GlobalSection(SolutionConfigurationPlatforms) = preSolution
		Debug|Any CPU = Debug|Any CPU
		Debug|x64 = Debug|x64
		Debug|x86 = Debug|x86
		Release|Any CPU = Release|Any CPU
		Release|x64 = Release|x64
		Release|x86 = Release|x86
	EndGlobalSection
	GlobalSection(ProjectConfigurationPlatforms) = postSolution
		{81B10C76-2BC1-4B56-A86A-742D34F49EF5}.Debug|Any CPU.ActiveCfg = Debug|Any CPU
		{81B10C76-2BC1-4B56-A86A-742D34F49EF5}.Debug|x64.ActiveCfg = Debug|Any CPU
		{81B10C76-2BC1-4B56-A86A-742D34F49EF5}.Debug|x86.ActiveCfg = Debug|Any CPU
		{81B10C76-2BC1-4B56-A86A-742D34F49EF5}.Release|Any CPU.ActiveCfg = Release|Any CPU
		{81B10C76-2BC1-4B56-A86A-742D34F49EF5}.Release|x64.ActiveCfg = Release|Any CPU
		{81B10C76-2BC1-4B56-A86A-742D34F49EF5}.Release|x86.ActiveCfg = Release|Any CPU
		{57BF2C01-D8A9-4DAE-8AD0-EFB90DADE971}.Debug|Any CPU.ActiveCfg = Debug|x64
		{57BF2C01-D8A9-4DAE-8AD0-EFB90DADE971}.Debug|Any CPU.Build.0 = Debug|x64
		{57BF2C01-D8A9-4DAE-8AD0-EFB90DADE971}.Debug|x64.ActiveCfg = Debug|x64
		{57BF2C01-D8A9-4DAE-8AD0-EFB90DADE971}.Debug|x64.Build.0 = Debug|x64
		{57BF2C01-D8A9-4DAE-8AD0-EFB90DADE971}.Debug|x86.ActiveCfg = Debug|Win32
		{57BF2C01-D8A9-4DAE-8AD0-EFB90DADE971}.Debug|x86.Build.0 = Debug|Win32
		{57BF2C01-D8A9-4DAE-8AD0-EFB90DADE971}.Release|Any CPU.ActiveCfg = Release|x64
		{57BF2C01-D8A9-4DAE-8AD0-EFB90DADE971}.Release|Any CPU.Build.0 = Release|x64
		{57BF2C01-D8A9-4DAE-8AD0-EFB90DADE971}.Release|x64.ActiveCfg = Release|x64
		{57BF2C01-D8A9-4DAE-8AD0-EFB90DADE971}.Release|x64.Build.0 = Release|x64
		{57BF2C01-D8A9-4DAE-8AD0-EFB90DADE971}.Release|x86.ActiveCfg = Release|Win32
		{57BF2C01-D8A9-4DAE-8AD0-EFB90DADE971}.Release|x86.Build.0 = Release|Win32
	EndGlobalSection
	GlobalSection(SolutionProperties) = preSolution
		HideSolutionNode = FALSE
	EndGlobalSection
	GlobalSection(ExtensibilityGlobals) = postSolution
		SolutionGuid = {1CEAA016-DE46-4A89-B12D-04E772181252}
	EndGlobalSection
EndGlobal
